# This file is autogenerated, do not edit; changes may be undone by the next 'dep ensure'.


[[projects]]
  name = "github.com/BurntSushi/toml"
  packages = ["."]
  revision = "3012a1dbe2e4bd1391d42b32f0577cb7bbc7f005"
  version = "v0.3.1"

[[projects]]
  name = "github.com/davecgh/go-spew"
  packages = ["spew"]
  revision = "8991bc29aa16c548c550c7ff78260e27b9ab7c73"
  version = "v1.1.1"

[[projects]]
  branch = "master"
  name = "github.com/go-gl/gl"
  packages = ["all-core/gl"]
  revision = "629e6eb0370bc1987d806c0786368395657324a0"

[[projects]]
  branch = "master"
  name = "github.com/go-gl/glfw"
  packages = ["v3.2/glfw"]
  revision = "691ee1b84c51ae625ed1aafebc915d3db3d63d66"

[[projects]]
  name = "github.com/gobuffalo/packr"
  packages = ["."]
  revision = "5a2cbb54c4e7d482e3f518c56f1f86f133d5204f"
  version = "v1.13.7"

[[projects]]
  branch = "master"
  name = "github.com/golang/freetype"
  packages = [".","raster","truetype"]
  revision = "e2365dfdc4a05e4b8299a783240d4a7d5a65d4e4"

[[projects]]
  name = "github.com/kr/pty"
  packages = ["."]
  revision = "db8e3cd836b82e82e0a9c8edc6896967dd31374f"
  version = "v1.1.3"

[[projects]]
  name = "github.com/pkg/errors"
  packages = ["."]
  revision = "645ef00459ed84a119197bfb8d8205042c6df63d"
  version = "v0.8.0"

[[projects]]
  name = "github.com/pmezard/go-difflib"
  packages = ["difflib"]
  revision = "792786c7400a136282c1664665ae0a8db921c6c2"
  version = "v1.0.0"

[[projects]]
  branch = "master"
  name = "github.com/riywo/loginshell"
  packages = ["."]
  revision = "5da3acff02554cee5e8ccb4651cc5a4072f41790"

[[projects]]
  name = "github.com/stretchr/testify"
  packages = ["assert","require"]
  revision = "f35b8ab0b5a2cef36673838d662e249dd9c94686"
  version = "v1.2.2"

[[projects]]
  name = "go.uber.org/atomic"
  packages = ["."]
  revision = "1ea20fb1cbb1cc08cbd0d913a96dead89aa18289"
  version = "v1.3.2"

[[projects]]
  name = "go.uber.org/multierr"
  packages = ["."]
  revision = "3c4937480c32f4c13a875a1829af76c98ca3d40a"
  version = "v1.1.0"

[[projects]]
  name = "go.uber.org/zap"
  packages = [".","buffer","internal/bufferpool","internal/color","internal/exit","zapcore"]
  revision = "ff33455a0e382e8a81d14dd7c922020b6b5e7982"
  version = "v1.9.1"

[[projects]]
  branch = "master"
  name = "golang.org/x/image"
  packages = ["font","math/fixed"]
  revision = "991ec62608f3c0da01d400756917825d1e2fd528"

[solve-meta]
  analyzer-name = "dep"
  analyzer-version = 1
  inputs-digest = "62428a3f67dc7a8a89ecb5666b6d8a6641788f89c61d0b0b4dd99982923bb0c6"
  solver-name = "gps-cdcl"
  solver-version = 1
