# This file is autogenerated, do not edit; changes may be undone by the next 'dep ensure'.


[[projects]]
  name = "github.com/BurntSushi/toml"
  packages = ["."]
  revision = "3012a1dbe2e4bd1391d42b32f0577cb7bbc7f005"
  version = "v0.3.1"

[[projects]]
  branch = "master"
  name = "github.com/BurntSushi/xgb"
  packages = [".","shm","xinerama","xproto"]
  revision = "27f122750802c950b2c869a5b63dafcf590ced95"

[[projects]]
  branch = "master"
  name = "github.com/MaxRis/w32"
  packages = ["."]
  revision = "4f5cfb03fabf8c92e8de36012c944d10a5a49b19"

[[projects]]
  branch = "master"
  name = "github.com/carlogit/phash"
  packages = ["."]
  revision = "c146ed9f2a2728f6f272bc08ff707dc742758e7e"

[[projects]]
  name = "github.com/davecgh/go-spew"
  packages = ["spew"]
  revision = "8991bc29aa16c548c550c7ff78260e27b9ab7c73"
  version = "v1.1.1"

[[projects]]
  name = "github.com/disintegration/imaging"
  packages = ["."]
  revision = "0bd5694c78c9c3d9a3cd06a706a8f3c59296a9ac"
  version = "v1.5.0"

[[projects]]
  branch = "master"
  name = "github.com/gen2brain/shm"
  packages = ["."]
  revision = "6c18ff7f8b90f16464293a114ffb31be502d54e5"

[[projects]]
  branch = "master"
  name = "github.com/go-gl/gl"
  packages = ["all-core/gl"]
  revision = "55b76b7df9d25d70b63e31a767f47158292b85d8"

[[projects]]
  branch = "master"
  name = "github.com/go-gl/glfw"
  packages = ["v3.2/glfw"]
  revision = "14db69009976890a990c14b47a04a91621597f9b"
  source = "github.com/MaxRis/glfw"

[[projects]]
  name = "github.com/gobuffalo/envy"
  packages = ["."]
  revision = "b29bf6b8134f3398b9333ba1893c58620152edb0"
  version = "v1.6.9"

[[projects]]
  branch = "master"
  name = "github.com/gobuffalo/packd"
  packages = ["."]
  revision = "a1fb7d1c9873c1dae25b15ece2fceaaf445a24eb"

[[projects]]
  name = "github.com/gobuffalo/packr"
  packages = ["."]
  revision = "7c2dcc2885cf30cb864d25bb1a5f50e0f5c99acd"
  version = "v1.21.3"

[[projects]]
  branch = "master"
  name = "github.com/gobuffalo/syncx"
  packages = ["."]
  revision = "558ac7de985fc4f4057bff27c7bdf99e92fe0750"

[[projects]]
  branch = "master"
  name = "github.com/golang/freetype"
  packages = [".","raster","truetype"]
  revision = "e2365dfdc4a05e4b8299a783240d4a7d5a65d4e4"

[[projects]]
  name = "github.com/joho/godotenv"
  packages = ["."]
  revision = "23d116af351c84513e1946b527c88823e476be13"
  version = "v1.3.0"

[[projects]]
  branch = "master"
  name = "github.com/kbinani/screenshot"
  packages = [".","internal/util","internal/xwindow"]
  revision = "762b39512ae8e34f0c05518c8c2058c48a6efc8d"

[[projects]]
  name = "github.com/kr/pty"
  packages = ["."]
  revision = "db8e3cd836b82e82e0a9c8edc6896967dd31374f"
  version = "v1.1.3"

[[projects]]
  branch = "master"
  name = "github.com/lxn/win"
  packages = ["."]
  revision = "a7f87360b10eafe73bd3ff01db16976fe7560fbf"

[[projects]]
  branch = "master"
  name = "github.com/markbates/oncer"
  packages = ["."]
  revision = "05fccaae8fc423476d98fd4c3e4699ba0fbbde48"

[[projects]]
  branch = "master"
  name = "github.com/mcuadros/go-version"
  packages = ["."]
  revision = "6d5863ca60fa6fe914b5fd43ed8533d7567c5b0b"

[[projects]]
  name = "github.com/pkg/errors"
  packages = ["."]
  revision = "645ef00459ed84a119197bfb8d8205042c6df63d"
  version = "v0.8.0"

[[projects]]
  name = "github.com/pmezard/go-difflib"
  packages = ["difflib"]
  revision = "792786c7400a136282c1664665ae0a8db921c6c2"
  version = "v1.0.0"

[[projects]]
  branch = "master"
  name = "github.com/riywo/loginshell"
  packages = ["."]
  revision = "c2f4167b23039c6289b5a488080176426ec5dad9"

[[projects]]
  name = "github.com/stretchr/testify"
  packages = ["assert","require"]
  revision = "f35b8ab0b5a2cef36673838d662e249dd9c94686"
  version = "v1.2.2"

[[projects]]
  name = "go.uber.org/atomic"
  packages = ["."]
  revision = "1ea20fb1cbb1cc08cbd0d913a96dead89aa18289"
  version = "v1.3.2"

[[projects]]
  name = "go.uber.org/multierr"
  packages = ["."]
  revision = "3c4937480c32f4c13a875a1829af76c98ca3d40a"
  version = "v1.1.0"

[[projects]]
  name = "go.uber.org/zap"
  packages = [".","buffer","internal/bufferpool","internal/color","internal/exit","zapcore"]
  revision = "ff33455a0e382e8a81d14dd7c922020b6b5e7982"
  version = "v1.9.1"

[[projects]]
  branch = "master"
  name = "golang.org/x/image"
  packages = ["bmp","font","math/fixed","tiff","tiff/lzw"]
  revision = "cd38e8056d9b27bb2f265effa37fb0ea6b8a7f0f"

[solve-meta]
  analyzer-name = "dep"
  analyzer-version = 1
  inputs-digest = "22e69f28abe89638a4422ba911ebac3118b459cbc965bf4229b658ab51506d27"
  solver-name = "gps-cdcl"
  solver-version = 1
